
Microsoft Visual Studio Solution File, Format Version 12.00
# Visual Studio 2013
VisualStudioVersion = 12.0.21005.1
MinimumVisualStudioVersion = 10.0.40219.1
Project("{8BC9CEB8-8B4A-11D0-8D11-00A0C91BC942}") = "okno", "okno\okno.vcxproj", "{C848430A-7F85-422D-89AC-35FAF965766A}"
EndProject
Global
	GlobalSection(SolutionConfigurationPlatforms) = preSolution
		Debug|Win32 = Debug|Win32
		Release|Win32 = Release|Win32
	EndGlobalSection
	GlobalSection(ProjectConfigurationPlatforms) = postSolution
		{C848430A-7F85-422D-89AC-35FAF965766A}.Debug|Win32.ActiveCfg = Debug|Win32
		{C848430A-7F85-422D-89AC-35FAF965766A}.Debug|Win32.Build.0 = Debug|Win32
		{C848430A-7F85-422D-89AC-35FAF965766A}.Release|Win32.ActiveCfg = Release|Win32
		{C848430A-7F85-422D-89AC-35FAF965766A}.Release|Win32.Build.0 = Release|Win32
	EndGlobalSection
	GlobalSection(SolutionProperties) = preSolution
		HideSolutionNode = FALSE
	EndGlobalSection
EndGlobal
